
Microsoft Visual Studio Solution File, Format Version 12.00
# Visual Studio Version 17
VisualStudioVersion = 17.1.32407.343
MinimumVisualStudioVersion = 10.0.40219.1
Project("{FAE04EC0-301F-11D3-BF4B-00C04F79EFBC}") = "Aerohockey", "Aerohockey.csproj", "{D7DE36B8-712F-4180-A825-6876D5D86A69}"
EndProject
Global
	GlobalSection(SolutionConfigurationPlatforms) = preSolution
		Debug|Any CPU = Debug|Any CPU
		Release|Any CPU = Release|Any CPU
	EndGlobalSection
	GlobalSection(ProjectConfigurationPlatforms) = postSolution
		{D7DE36B8-712F-4180-A825-6876D5D86A69}.Debug|Any CPU.ActiveCfg = Debug|Any CPU
		{D7DE36B8-712F-4180-A825-6876D5D86A69}.Debug|Any CPU.Build.0 = Debug|Any CPU
		{D7DE36B8-712F-4180-A825-6876D5D86A69}.Release|Any CPU.ActiveCfg = Release|Any CPU
		{D7DE36B8-712F-4180-A825-6876D5D86A69}.Release|Any CPU.Build.0 = Release|Any CPU
	EndGlobalSection
	GlobalSection(SolutionProperties) = preSolution
		HideSolutionNode = FALSE
	EndGlobalSection
	GlobalSection(ExtensibilityGlobals) = postSolution
		SolutionGuid = {9EE11938-3AB4-4D88-86E1-31DDA71FABD3}
	EndGlobalSection
EndGlobal
